Microsoft Visual Studio Solution File, Format Version 8.00
Project("{8BC9CEB8-8B4A-11D0-8D11-00A0C91BC942}") = "SpyGame", "SpyGame.vcproj", "{5884243B-D2E5-4408-8168-37A6542A644F}"
	ProjectSection(ProjectDependencies) = postProject
	EndProjectSection
EndProject
Global
	GlobalSection(SolutionConfiguration) = preSolution
		Debug = Debug
		Release = Release
	EndGlobalSection
	GlobalSection(ProjectConfiguration) = postSolution
		{5884243B-D2E5-4408-8168-37A6542A644F}.Debug.ActiveCfg = Debug|Win32
		{5884243B-D2E5-4408-8168-37A6542A644F}.Debug.Build.0 = Debug|Win32
		{5884243B-D2E5-4408-8168-37A6542A644F}.Release.ActiveCfg = Release|Win32
		{5884243B-D2E5-4408-8168-37A6542A644F}.Release.Build.0 = Release|Win32
	EndGlobalSection
	GlobalSection(ExtensibilityGlobals) = postSolution
	EndGlobalSection
	GlobalSection(ExtensibilityAddIns) = postSolution
	EndGlobalSection
EndGlobal
